
Microsoft Visual Studio Solution File, Format Version 12.00
# Visual Studio 15
VisualStudioVersion = 15.0.28010.2026
MinimumVisualStudioVersion = 10.0.40219.1
Project("{8BC9CEB8-8B4A-11D0-8D11-00A0C91BC942}") = "实验1.1 中位数问题", "实验1.1 中位数问题\实验1.1 中位数问题.vcxproj", "{8D4B07D6-6EC6-4A76-9CBF-C1D7C27FA3CD}"
EndProject
Global
	GlobalSection(SolutionConfigurationPlatforms) = preSolution
		Debug|x64 = Debug|x64
		Debug|x86 = Debug|x86
		Release|x64 = Release|x64
		Release|x86 = Release|x86
	EndGlobalSection
	GlobalSection(ProjectConfigurationPlatforms) = postSolution
		{8D4B07D6-6EC6-4A76-9CBF-C1D7C27FA3CD}.Debug|x64.ActiveCfg = Debug|x64
		{8D4B07D6-6EC6-4A76-9CBF-C1D7C27FA3CD}.Debug|x64.Build.0 = Debug|x64
		{8D4B07D6-6EC6-4A76-9CBF-C1D7C27FA3CD}.Debug|x86.ActiveCfg = Debug|Win32
		{8D4B07D6-6EC6-4A76-9CBF-C1D7C27FA3CD}.Debug|x86.Build.0 = Debug|Win32
		{8D4B07D6-6EC6-4A76-9CBF-C1D7C27FA3CD}.Release|x64.ActiveCfg = Release|x64
		{8D4B07D6-6EC6-4A76-9CBF-C1D7C27FA3CD}.Release|x64.Build.0 = Release|x64
		{8D4B07D6-6EC6-4A76-9CBF-C1D7C27FA3CD}.Release|x86.ActiveCfg = Release|Win32
		{8D4B07D6-6EC6-4A76-9CBF-C1D7C27FA3CD}.Release|x86.Build.0 = Release|Win32
	EndGlobalSection
	GlobalSection(SolutionProperties) = preSolution
		HideSolutionNode = FALSE
	EndGlobalSection
	GlobalSection(ExtensibilityGlobals) = postSolution
		SolutionGuid = {6D6E37F7-2152-4CA7-991C-14756974818D}
	EndGlobalSection
EndGlobal
